
Microsoft Visual Studio Solution File, Format Version 12.00
# Visual Studio 15
VisualStudioVersion = 15.0.28307.902
MinimumVisualStudioVersion = 10.0.40219.1
Project("{FAE04EC0-301F-11D3-BF4B-00C04F79EFBC}") = "AppSO.Android", "AppSO\AppSO.Android\AppSO.Android.csproj", "{721230C4-2360-4904-ADB1-F3B88F926775}"
EndProject
Project("{FAE04EC0-301F-11D3-BF4B-00C04F79EFBC}") = "AppSO.iOS", "AppSO\AppSO.iOS\AppSO.iOS.csproj", "{03B8D955-08AD-4A15-A044-6C94BF5E04B9}"
EndProject
Project("{FAE04EC0-301F-11D3-BF4B-00C04F79EFBC}") = "AppSO", "AppSO\AppSO\AppSO.csproj", "{F5AB69BF-7A4D-4B71-91A9-E28CF1E93793}"
EndProject
Global
	GlobalSection(SolutionConfigurationPlatforms) = preSolution
		Ad-Hoc|Any CPU = Ad-Hoc|Any CPU
		Ad-Hoc|iPhone = Ad-Hoc|iPhone
		Ad-Hoc|iPhoneSimulator = Ad-Hoc|iPhoneSimulator
		AppStore|Any CPU = AppStore|Any CPU
		AppStore|iPhone = AppStore|iPhone
		AppStore|iPhoneSimulator = AppStore|iPhoneSimulator
		Debug|Any CPU = Debug|Any CPU
		Debug|iPhone = Debug|iPhone
		Debug|iPhoneSimulator = Debug|iPhoneSimulator
		Release|Any CPU = Release|Any CPU
		Release|iPhone = Release|iPhone
		Release|iPhoneSimulator = Release|iPhoneSimulator
	EndGlobalSection
	GlobalSection(ProjectConfigurationPlatforms) = postSolution
		{721230C4-2360-4904-ADB1-F3B88F926775}.Ad-Hoc|Any CPU.ActiveCfg = Release|Any CPU
		{721230C4-2360-4904-ADB1-F3B88F926775}.Ad-Hoc|Any CPU.Build.0 = Release|Any CPU
		{721230C4-2360-4904-ADB1-F3B88F926775}.Ad-Hoc|Any CPU.Deploy.0 = Release|Any CPU
		{721230C4-2360-4904-ADB1-F3B88F926775}.Ad-Hoc|iPhone.ActiveCfg = Release|Any CPU
		{721230C4-2360-4904-ADB1-F3B88F926775}.Ad-Hoc|iPhone.Build.0 = Release|Any CPU
		{721230C4-2360-4904-ADB1-F3B88F926775}.Ad-Hoc|iPhone.Deploy.0 = Release|Any CPU
		{721230C4-2360-4904-ADB1-F3B88F926775}.Ad-Hoc|iPhoneSimulator.ActiveCfg = Release|Any CPU
		{721230C4-2360-4904-ADB1-F3B88F926775}.Ad-Hoc|iPhoneSimulator.Build.0 = Release|Any CPU
		{721230C4-2360-4904-ADB1-F3B88F926775}.Ad-Hoc|iPhoneSimulator.Deploy.0 = Release|Any CPU
		{721230C4-2360-4904-ADB1-F3B88F926775}.AppStore|Any CPU.ActiveCfg = Release|Any CPU
		{721230C4-2360-4904-ADB1-F3B88F926775}.AppStore|Any CPU.Build.0 = Release|Any CPU
		{721230C4-2360-4904-ADB1-F3B88F926775}.AppStore|Any CPU.Deploy.0 = Release|Any CPU
		{721230C4-2360-4904-ADB1-F3B88F926775}.AppStore|iPhone.ActiveCfg = Release|Any CPU
		{721230C4-2360-4904-ADB1-F3B88F926775}.AppStore|iPhone.Build.0 = Release|Any CPU
		{721230C4-2360-4904-ADB1-F3B88F926775}.AppStore|iPhone.Deploy.0 = Release|Any CPU
		{721230C4-2360-4904-ADB1-F3B88F926775}.AppStore|iPhoneSimulator.ActiveCfg = Release|Any CPU
		{721230C4-2360-4904-ADB1-F3B88F926775}.AppStore|iPhoneSimulator.Build.0 = Release|Any CPU
		{721230C4-2360-4904-ADB1-F3B88F926775}.AppStore|iPhoneSimulator.Deploy.0 = Release|Any CPU
		{721230C4-2360-4904-ADB1-F3B88F926775}.Debug|Any CPU.ActiveCfg = Debug|Any CPU
		{721230C4-2360-4904-ADB1-F3B88F926775}.Debug|Any CPU.Build.0 = Debug|Any CPU
		{721230C4-2360-4904-ADB1-F3B88F926775}.Debug|Any CPU.Deploy.0 = Debug|Any CPU
		{721230C4-2360-4904-ADB1-F3B88F926775}.Debug|iPhone.ActiveCfg = Debug|Any CPU
		{721230C4-2360-4904-ADB1-F3B88F926775}.Debug|iPhone.Build.0 = Debug|Any CPU
		{721230C4-2360-4904-ADB1-F3B88F926775}.Debug|iPhone.Deploy.0 = Debug|Any CPU
		{721230C4-2360-4904-ADB1-F3B88F926775}.Debug|iPhoneSimulator.ActiveCfg = Debug|Any CPU
		{721230C4-2360-4904-ADB1-F3B88F926775}.Debug|iPhoneSimulator.Build.0 = Debug|Any CPU
		{721230C4-2360-4904-ADB1-F3B88F926775}.Debug|iPhoneSimulator.Deploy.0 = Debug|Any CPU
		{721230C4-2360-4904-ADB1-F3B88F926775}.Release|Any CPU.ActiveCfg = Release|Any CPU
		{721230C4-2360-4904-ADB1-F3B88F926775}.Release|Any CPU.Build.0 = Release|Any CPU
		{721230C4-2360-4904-ADB1-F3B88F926775}.Release|Any CPU.Deploy.0 = Release|Any CPU
		{721230C4-2360-4904-ADB1-F3B88F926775}.Release|iPhone.ActiveCfg = Release|Any CPU
		{721230C4-2360-4904-ADB1-F3B88F926775}.Release|iPhone.Build.0 = Release|Any CPU
		{721230C4-2360-4904-ADB1-F3B88F926775}.Release|iPhone.Deploy.0 = Release|Any CPU
		{721230C4-2360-4904-ADB1-F3B88F926775}.Release|iPhoneSimulator.ActiveCfg = Release|Any CPU
		{721230C4-2360-4904-ADB1-F3B88F926775}.Release|iPhoneSimulator.Build.0 = Release|Any CPU
		{721230C4-2360-4904-ADB1-F3B88F926775}.Release|iPhoneSimulator.Deploy.0 = Release|Any CPU
		{03B8D955-08AD-4A15-A044-6C94BF5E04B9}.Ad-Hoc|Any CPU.ActiveCfg = Ad-Hoc|iPhone
		{03B8D955-08AD-4A15-A044-6C94BF5E04B9}.Ad-Hoc|Any CPU.Build.0 = Ad-Hoc|iPhone
		{03B8D955-08AD-4A15-A044-6C94BF5E04B9}.Ad-Hoc|Any CPU.Deploy.0 = Ad-Hoc|iPhone
		{03B8D955-08AD-4A15-A044-6C94BF5E04B9}.Ad-Hoc|iPhone.ActiveCfg = Ad-Hoc|iPhone
		{03B8D955-08AD-4A15-A044-6C94BF5E04B9}.Ad-Hoc|iPhone.Build.0 = Ad-Hoc|iPhone
		{03B8D955-08AD-4A15-A044-6C94BF5E04B9}.Ad-Hoc|iPhone.Deploy.0 = Ad-Hoc|iPhone
		{03B8D955-08AD-4A15-A044-6C94BF5E04B9}.Ad-Hoc|iPhoneSimulator.ActiveCfg = Ad-Hoc|iPhoneSimulator
		{03B8D955-08AD-4A15-A044-6C94BF5E04B9}.Ad-Hoc|iPhoneSimulator.Build.0 = Ad-Hoc|iPhoneSimulator
		{03B8D955-08AD-4A15-A044-6C94BF5E04B9}.Ad-Hoc|iPhoneSimulator.Deploy.0 = Ad-Hoc|iPhoneSimulator
		{03B8D955-08AD-4A15-A044-6C94BF5E04B9}.AppStore|Any CPU.ActiveCfg = AppStore|iPhone
		{03B8D955-08AD-4A15-A044-6C94BF5E04B9}.AppStore|Any CPU.Build.0 = AppStore|iPhone
		{03B8D955-08AD-4A15-A044-6C94BF5E04B9}.AppStore|Any CPU.Deploy.0 = AppStore|iPhone
		{03B8D955-08AD-4A15-A044-6C94BF5E04B9}.AppStore|iPhone.ActiveCfg = AppStore|iPhone
		{03B8D955-08AD-4A15-A044-6C94BF5E04B9}.AppStore|iPhone.Build.0 = AppStore|iPhone
		{03B8D955-08AD-4A15-A044-6C94BF5E04B9}.AppStore|iPhone.Deploy.0 = AppStore|iPhone
		{03B8D955-08AD-4A15-A044-6C94BF5E04B9}.AppStore|iPhoneSimulator.ActiveCfg = AppStore|iPhoneSimulator
		{03B8D955-08AD-4A15-A044-6C94BF5E04B9}.AppStore|iPhoneSimulator.Build.0 = AppStore|iPhoneSimulator
		{03B8D955-08AD-4A15-A044-6C94BF5E04B9}.AppStore|iPhoneSimulator.Deploy.0 = AppStore|iPhoneSimulator
		{03B8D955-08AD-4A15-A044-6C94BF5E04B9}.Debug|Any CPU.ActiveCfg = Debug|iPhoneSimulator
		{03B8D955-08AD-4A15-A044-6C94BF5E04B9}.Debug|Any CPU.Build.0 = Debug|iPhoneSimulator
		{03B8D955-08AD-4A15-A044-6C94BF5E04B9}.Debug|Any CPU.Deploy.0 = Debug|iPhoneSimulator
		{03B8D955-08AD-4A15-A044-6C94BF5E04B9}.Debug|iPhone.ActiveCfg = Debug|iPhone
		{03B8D955-08AD-4A15-A044-6C94BF5E04B9}.Debug|iPhone.Build.0 = Debug|iPhone
		{03B8D955-08AD-4A15-A044-6C94BF5E04B9}.Debug|iPhone.Deploy.0 = Debug|iPhone
		{03B8D955-08AD-4A15-A044-6C94BF5E04B9}.Debug|iPhoneSimulator.ActiveCfg = Debug|iPhoneSimulator
		{03B8D955-08AD-4A15-A044-6C94BF5E04B9}.Debug|iPhoneSimulator.Build.0 = Debug|iPhoneSimulator
		{03B8D955-08AD-4A15-A044-6C94BF5E04B9}.Debug|iPhoneSimulator.Deploy.0 = Debug|iPhoneSimulator
		{03B8D955-08AD-4A15-A044-6C94BF5E04B9}.Release|Any CPU.ActiveCfg = Release|iPhone
		{03B8D955-08AD-4A15-A044-6C94BF5E04B9}.Release|Any CPU.Build.0 = Release|iPhone
		{03B8D955-08AD-4A15-A044-6C94BF5E04B9}.Release|Any CPU.Deploy.0 = Release|iPhone
		{03B8D955-08AD-4A15-A044-6C94BF5E04B9}.Release|iPhone.ActiveCfg = Release|iPhone
		{03B8D955-08AD-4A15-A044-6C94BF5E04B9}.Release|iPhone.Build.0 = Release|iPhone
		{03B8D955-08AD-4A15-A044-6C94BF5E04B9}.Release|iPhone.Deploy.0 = Release|iPhone
		{03B8D955-08AD-4A15-A044-6C94BF5E04B9}.Release|iPhoneSimulator.ActiveCfg = Release|iPhoneSimulator
		{03B8D955-08AD-4A15-A044-6C94BF5E04B9}.Release|iPhoneSimulator.Build.0 = Release|iPhoneSimulator
		{03B8D955-08AD-4A15-A044-6C94BF5E04B9}.Release|iPhoneSimulator.Deploy.0 = Release|iPhoneSimulator
		{F5AB69BF-7A4D-4B71-91A9-E28CF1E93793}.Ad-Hoc|Any CPU.ActiveCfg = Debug|Any CPU
		{F5AB69BF-7A4D-4B71-91A9-E28CF1E93793}.Ad-Hoc|Any CPU.Build.0 = Debug|Any CPU
		{F5AB69BF-7A4D-4B71-91A9-E28CF1E93793}.Ad-Hoc|Any CPU.Deploy.0 = Debug|Any CPU
		{F5AB69BF-7A4D-4B71-91A9-E28CF1E93793}.Ad-Hoc|iPhone.ActiveCfg = Debug|Any CPU
		{F5AB69BF-7A4D-4B71-91A9-E28CF1E93793}.Ad-Hoc|iPhone.Build.0 = Debug|Any CPU
		{F5AB69BF-7A4D-4B71-91A9-E28CF1E93793}.Ad-Hoc|iPhone.Deploy.0 = Debug|Any CPU
		{F5AB69BF-7A4D-4B71-91A9-E28CF1E93793}.Ad-Hoc|iPhoneSimulator.ActiveCfg = Debug|Any CPU
		{F5AB69BF-7A4D-4B71-91A9-E28CF1E93793}.Ad-Hoc|iPhoneSimulator.Build.0 = Debug|Any CPU
		{F5AB69BF-7A4D-4B71-91A9-E28CF1E93793}.Ad-Hoc|iPhoneSimulator.Deploy.0 = Debug|Any CPU
		{F5AB69BF-7A4D-4B71-91A9-E28CF1E93793}.AppStore|Any CPU.ActiveCfg = Debug|Any CPU
		{F5AB69BF-7A4D-4B71-91A9-E28CF1E93793}.AppStore|Any CPU.Build.0 = Debug|Any CPU
		{F5AB69BF-7A4D-4B71-91A9-E28CF1E93793}.AppStore|Any CPU.Deploy.0 = Debug|Any CPU
		{F5AB69BF-7A4D-4B71-91A9-E28CF1E93793}.AppStore|iPhone.ActiveCfg = Debug|Any CPU
		{F5AB69BF-7A4D-4B71-91A9-E28CF1E93793}.AppStore|iPhone.Build.0 = Debug|Any CPU
		{F5AB69BF-7A4D-4B71-91A9-E28CF1E93793}.AppStore|iPhone.Deploy.0 = Debug|Any CPU
		{F5AB69BF-7A4D-4B71-91A9-E28CF1E93793}.AppStore|iPhoneSimulator.ActiveCfg = Debug|Any CPU
		{F5AB69BF-7A4D-4B71-91A9-E28CF1E93793}.AppStore|iPhoneSimulator.Build.0 = Debug|Any CPU
		{F5AB69BF-7A4D-4B71-91A9-E28CF1E93793}.AppStore|iPhoneSimulator.Deploy.0 = Debug|Any CPU
		{F5AB69BF-7A4D-4B71-91A9-E28CF1E93793}.Debug|Any CPU.ActiveCfg = Debug|Any CPU
		{F5AB69BF-7A4D-4B71-91A9-E28CF1E93793}.Debug|Any CPU.Build.0 = Debug|Any CPU
		{F5AB69BF-7A4D-4B71-91A9-E28CF1E93793}.Debug|Any CPU.Deploy.0 = Debug|Any CPU
		{F5AB69BF-7A4D-4B71-91A9-E28CF1E93793}.Debug|iPhone.ActiveCfg = Debug|Any CPU
		{F5AB69BF-7A4D-4B71-91A9-E28CF1E93793}.Debug|iPhone.Build.0 = Debug|Any CPU
		{F5AB69BF-7A4D-4B71-91A9-E28CF1E93793}.Debug|iPhone.Deploy.0 = Debug|Any CPU
		{F5AB69BF-7A4D-4B71-91A9-E28CF1E93793}.Debug|iPhoneSimulator.ActiveCfg = Debug|Any CPU
		{F5AB69BF-7A4D-4B71-91A9-E28CF1E93793}.Debug|iPhoneSimulator.Build.0 = Debug|Any CPU
		{F5AB69BF-7A4D-4B71-91A9-E28CF1E93793}.Debug|iPhoneSimulator.Deploy.0 = Debug|Any CPU
		{F5AB69BF-7A4D-4B71-91A9-E28CF1E93793}.Release|Any CPU.ActiveCfg = Release|Any CPU
		{F5AB69BF-7A4D-4B71-91A9-E28CF1E93793}.Release|Any CPU.Build.0 = Release|Any CPU
		{F5AB69BF-7A4D-4B71-91A9-E28CF1E93793}.Release|Any CPU.Deploy.0 = Release|Any CPU
		{F5AB69BF-7A4D-4B71-91A9-E28CF1E93793}.Release|iPhone.ActiveCfg = Release|Any CPU
		{F5AB69BF-7A4D-4B71-91A9-E28CF1E93793}.Release|iPhone.Build.0 = Release|Any CPU
		{F5AB69BF-7A4D-4B71-91A9-E28CF1E93793}.Release|iPhone.Deploy.0 = Release|Any CPU
		{F5AB69BF-7A4D-4B71-91A9-E28CF1E93793}.Release|iPhoneSimulator.ActiveCfg = Release|Any CPU
		{F5AB69BF-7A4D-4B71-91A9-E28CF1E93793}.Release|iPhoneSimulator.Build.0 = Release|Any CPU
		{F5AB69BF-7A4D-4B71-91A9-E28CF1E93793}.Release|iPhoneSimulator.Deploy.0 = Release|Any CPU
	EndGlobalSection
	GlobalSection(SolutionProperties) = preSolution
		HideSolutionNode = FALSE
	EndGlobalSection
	GlobalSection(ExtensibilityGlobals) = postSolution
		SolutionGuid = {68261513-3CA5-48AA-822E-8A000B371A30}
	EndGlobalSection
EndGlobal
